
Microsoft Visual Studio Solution File, Format Version 12.00
# Visual Studio Version 16
VisualStudioVersion = 16.0.32106.194
MinimumVisualStudioVersion = 10.0.40219.1
Project("{9A19103F-16F7-4668-BE54-9A1E7A4F7556}") = "CalcAssignment", "CalcAssignment\CalcAssignment.csproj", "{3475D98E-6326-427B-BD5E-CD797FD8FD3B}"
EndProject
Project("{FAE04EC0-301F-11D3-BF4B-00C04F79EFBC}") = "CalcAssinment.Test", "CalcAssinment.Test\CalcAssinment.Test.csproj", "{5DA7B3CA-8EF1-4210-AF23-D2DB728801B1}"
EndProject
Global
	GlobalSection(SolutionConfigurationPlatforms) = preSolution
		Debug|Any CPU = Debug|Any CPU
		Release|Any CPU = Release|Any CPU
	EndGlobalSection
	GlobalSection(ProjectConfigurationPlatforms) = postSolution
		{3475D98E-6326-427B-BD5E-CD797FD8FD3B}.Debug|Any CPU.ActiveCfg = Debug|Any CPU
		{3475D98E-6326-427B-BD5E-CD797FD8FD3B}.Debug|Any CPU.Build.0 = Debug|Any CPU
		{3475D98E-6326-427B-BD5E-CD797FD8FD3B}.Release|Any CPU.ActiveCfg = Release|Any CPU
		{3475D98E-6326-427B-BD5E-CD797FD8FD3B}.Release|Any CPU.Build.0 = Release|Any CPU
		{5DA7B3CA-8EF1-4210-AF23-D2DB728801B1}.Debug|Any CPU.ActiveCfg = Debug|Any CPU
		{5DA7B3CA-8EF1-4210-AF23-D2DB728801B1}.Debug|Any CPU.Build.0 = Debug|Any CPU
		{5DA7B3CA-8EF1-4210-AF23-D2DB728801B1}.Release|Any CPU.ActiveCfg = Release|Any CPU
		{5DA7B3CA-8EF1-4210-AF23-D2DB728801B1}.Release|Any CPU.Build.0 = Release|Any CPU
	EndGlobalSection
	GlobalSection(SolutionProperties) = preSolution
		HideSolutionNode = FALSE
	EndGlobalSection
	GlobalSection(ExtensibilityGlobals) = postSolution
		SolutionGuid = {A67BAB26-BDF8-4309-9B25-1136A29A895B}
	EndGlobalSection
EndGlobal
